
Microsoft Visual Studio Solution File, Format Version 12.00
Project("{FAE04EC0-301F-11D3-BF4B-00C04F79EFBC}") = "Qfund.Api", "src\Qfund.Api\Qfund.Api.csproj", "{F0C2B9BE-A259-413D-BDBB-10595D59C919}"
EndProject
Project("{FAE04EC0-301F-11D3-BF4B-00C04F79EFBC}") = "Qfund.Application", "src\Qfund.Application\Qfund.Application.csproj", "{23221C03-3743-4DAC-A34F-1710ACFDA1E9}"
EndProject
Project("{FAE04EC0-301F-11D3-BF4B-00C04F79EFBC}") = "Qfund.Domain", "src\Qfund.Domain\Qfund.Domain.csproj", "{C097CFC9-9F3B-4747-A89D-95AD170D51DA}"
EndProject
Project("{FAE04EC0-301F-11D3-BF4B-00C04F79EFBC}") = "Qfund.Infrastructure", "src\Qfund.Infrastructure\Qfund.Infrastructure.csproj", "{D888E399-AFA5-45B2-A6FB-7E900393FDD6}"
EndProject
Global
	GlobalSection(SolutionConfigurationPlatforms) = preSolution
		Debug|Any CPU = Debug|Any CPU
		Release|Any CPU = Release|Any CPU
	EndGlobalSection
	GlobalSection(ProjectConfigurationPlatforms) = postSolution
		{F0C2B9BE-A259-413D-BDBB-10595D59C919}.Debug|Any CPU.ActiveCfg = Debug|Any CPU
		{F0C2B9BE-A259-413D-BDBB-10595D59C919}.Debug|Any CPU.Build.0 = Debug|Any CPU
		{F0C2B9BE-A259-413D-BDBB-10595D59C919}.Release|Any CPU.ActiveCfg = Release|Any CPU
		{F0C2B9BE-A259-413D-BDBB-10595D59C919}.Release|Any CPU.Build.0 = Release|Any CPU
		{23221C03-3743-4DAC-A34F-1710ACFDA1E9}.Debug|Any CPU.ActiveCfg = Debug|Any CPU
		{23221C03-3743-4DAC-A34F-1710ACFDA1E9}.Debug|Any CPU.Build.0 = Debug|Any CPU
		{23221C03-3743-4DAC-A34F-1710ACFDA1E9}.Release|Any CPU.ActiveCfg = Release|Any CPU
		{23221C03-3743-4DAC-A34F-1710ACFDA1E9}.Release|Any CPU.Build.0 = Release|Any CPU
		{C097CFC9-9F3B-4747-A89D-95AD170D51DA}.Debug|Any CPU.ActiveCfg = Debug|Any CPU
		{C097CFC9-9F3B-4747-A89D-95AD170D51DA}.Debug|Any CPU.Build.0 = Debug|Any CPU
		{C097CFC9-9F3B-4747-A89D-95AD170D51DA}.Release|Any CPU.ActiveCfg = Release|Any CPU
		{C097CFC9-9F3B-4747-A89D-95AD170D51DA}.Release|Any CPU.Build.0 = Release|Any CPU
		{D888E399-AFA5-45B2-A6FB-7E900393FDD6}.Debug|Any CPU.ActiveCfg = Debug|Any CPU
		{D888E399-AFA5-45B2-A6FB-7E900393FDD6}.Debug|Any CPU.Build.0 = Debug|Any CPU
		{D888E399-AFA5-45B2-A6FB-7E900393FDD6}.Release|Any CPU.ActiveCfg = Release|Any CPU
		{D888E399-AFA5-45B2-A6FB-7E900393FDD6}.Release|Any CPU.Build.0 = Release|Any CPU
	EndGlobalSection
EndGlobal
